github.com/akamensky/argparse v1.2.1/go.mod h1:S5kwC7IuDcEr5VeXtGPRVZ5o/FdhcMlQz4IZQuw64xA=
github.com/akamensky/argparse v1.2.2 h1:P17T0ZjlUNJuWTPPJ2A5dM1wxarHgHqfYH+AZTo2xQA=
github.com/akamensky/argparse v1.2.2/go.mod h1:S5kwC7IuDcEr5VeXtGPRVZ5o/FdhcMlQz4IZQuw64xA=
github.com/blang/semver v3.5.1+incompatible/go.mod h1:kRBLl5iJ+tD4TcOOxsy/0fnwebNt5EWlYSAyrTnjyyk=
github.com/davecgh/go-spew v1.1.0/go.mod h1:J7Y8YcW2NihsgmVo/mv3lAwl/skON4iLHjSsI+c5H38=
github.com/dgrijalva/jwt-go v3.2.0+incompatible/go.mod h1:E3ru+11k8xSBh+hMPgOLZmtrrCbhqsmaPHjLKYnJCaQ=
github.com/ftCommunity-roboheart/go-uci v0.0.0-20200725220005-3826098d8ac7 h1:9kVbTkboU5mJK0I/meSmRjBpx0hOeLg6lXeEokJx9uo=
github.com/ftCommunity-roboheart/go-uci v0.0.0-20200725220005-3826098d8ac7/go.mod h1:/+AayR25t0o5oDnc1Xb2T6i1IR5IQ0cwXOCW9QUXvss=
github.com/ftCommunity-roboheart/roboheart v0.0.0-20200906104909-f6a0cfe8b8e4/go.mod h1:6BRoZ8q/TUc3uy7Ok6s4VATBiUSoRsO/Ri4NzYPaVxc=
github.com/ftCommunity-roboheart/roboheart v0.0.0-20200906130856-603c68873c12/go.mod h1:ROxOJ56C31F5aXK0niS69fF40MpWJRV+UdCfYR4lSkQ=
github.com/ftCommunity-roboheart/roboheart v0.0.0-20200908214239-5e61d0f68ea8/go.mod h1:cMBFdZ1LHNiWSf4h2rcDNGWTYyAAEIFJ4ypAnRxQfBs=
github.com/ftCommunity-roboheart/roboheart-svc-releasever v0.0.0-20200908214026-d03bf4590559 h1:PPXLwC0nsfm6y9ujZaaEds9Ha7nlEXxL3JAPgu2M4qQ=
github.com/ftCommunity-roboheart/roboheart-svc-releasever v0.0.0-20200908214026-d03bf4590559/go.mod h1:DbmElZdft0Yxtokp1E6OagSRgxeyFazd/ep37z7Brpk=
github.com/ftCommunity-roboheart/roboheart-svc-releasever v0.0.0-20200913123916-c95d25e8d587 h1:HKY/KqWt1/x5cq5PKsN0Wiq8lDXUSd+lT905ZSn/oJU=
github.com/ftCommunity-roboheart/roboheart-svc-releasever v0.0.0-20200913123916-c95d25e8d587/go.mod h1:DbmElZdft0Yxtokp1E6OagSRgxeyFazd/ep37z7Brpk=
github.com/ftCommunity-roboheart/roboheart-svc-vncserver v0.0.0-20200908214133-01bb4eb27226 h1:oTmPcX4pfswS7EbfxaY8yE1DGvUzwKUgcDd9Ne2scOE=
github.com/ftCommunity-roboheart/roboheart-svc-vncserver v0.0.0-20200908214133-01bb4eb27226/go.mod h1:Ggd7/mzo/cgdicD5NZSZmtDn4ljBV7BF7lCt5aam89U=
github.com/ftCommunity-roboheart/roboheart-svc-vncserver v0.0.0-20200913123943-a19f7c20f49a h1:wN9t7Uw6H1yTzMsp8A/7GmVOg3iBSTuKxVj9r1eSclY=
github.com/ftCommunity-roboheart/roboheart-svc-vncserver v0.0.0-20200913123943-a19f7c20f49a/go.mod h1:Ggd7/mzo/cgdicD5NZSZmtDn4ljBV7BF7lCt5aam89U=
github.com/ftCommunity-roboheart/roboheart-svcs-core v0.0.0-20200906114943-65a04c29b345 h1:z+5YJMF1b3b3QRhCwOQ6EL2ew4uqMRMrQCvA1w7XN9k=
github.com/ftCommunity-roboheart/roboheart-svcs-core v0.0.0-20200906114943-65a04c29b345/go.mod h1:+jbakPH7LWxYsUgGAgJOv3yS5hOkKUsfc1VaH5MEWfU=
github.com/ftCommunity-roboheart/roboheart-svcs-core v0.0.0-20200908213713-443ccdccc0ca h1:Fkypm53w0dMQUTf34zrZXDzgDg7dX9J9WhvihoXB1lQ=
github.com/ftCommunity-roboheart/roboheart-svcs-core v0.0.0-20200908213713-443ccdccc0ca/go.mod h1:+jbakPH7LWxYsUgGAgJOv3yS5hOkKUsfc1VaH5MEWfU=
github.com/ftCommunity-roboheart/roboheart-svcs-core v0.0.0-20200913204320-443cbad99642 h1:Hl8A/hrsIwNufIfs9AYznOleGzmUUrpcfI8Ak5XJnws=
github.com/ftCommunity-roboheart/roboheart-svcs-core v0.0.0-20200913204320-443cbad99642/go.mod h1:+jbakPH7LWxYsUgGAgJOv3yS5hOkKUsfc1VaH5MEWfU=
github.com/ftCommunity-roboheart/roboheart-svcs-core v0.0.0-20200919215026-5e786780b496 h1:vBAaZ0N9UwCBT0DWqgE8ZX4GiVpGRRLW9lDsGJlcHuw=
github.com/ftCommunity-roboheart/roboheart-svcs-core v0.0.0-20200919215026-5e786780b496/go.mod h1:+jbakPH7LWxYsUgGAgJOv3yS5hOkKUsfc1VaH5MEWfU=
github.com/ftCommunity-roboheart/roboheart-svcs-net v0.0.0-20200919215513-e2780e12119c h1:dmM6hq6hrY/2F94a5hkeFrF5wlZQmOud9SgsKh7C1Ek=
github.com/ftCommunity-roboheart/roboheart-svcs-net v0.0.0-20200919215513-e2780e12119c/go.mod h1:byZ+HxF9spWkW77bs/Ax8bXMNwC1IZbY01PsJbzYuqY=
github.com/golang/protobuf v1.3.2/go.mod h1:6lQm79b+lXiMfvg/cZm0SGofjICqVBUtrP5yJMmIC1U=
github.com/google/go-github/v31 v31.0.0/go.mod h1:NQPZol8/1sMoWYGN2yaALIBytu17gAWfhbweiEed3pM=
github.com/google/go-querystring v1.0.0/go.mod h1:odCYkC5MyYFN7vkCjXpyrEuKhc/BUO6wN/zVPAxq5ck=
github.com/google/uuid v1.1.1/go.mod h1:TIyPZe4MgqvfeYDBFedMoGGpEw/LqOeaOT+nhxU+yHo=
github.com/google/uuid v1.1.2/go.mod h1:TIyPZe4MgqvfeYDBFedMoGGpEw/LqOeaOT+nhxU+yHo=
github.com/kr/fs v0.1.0/go.mod h1:FFnZGqtBN9Gxj7eW1uZ42v5BccTP0vu6NEaFoC2HwRg=
github.com/labstack/echo/v4 v4.1.16/go.mod h1:awO+5TzAjvL8XpibdsfXxPgHr+orhtXZJZIQCVjogKI=
github.com/labstack/echo/v4 v4.1.17/go.mod h1:Tn2yRQL/UclUalpb5rPdXDevbkJ+lp/2svdyFBg6CHQ=
github.com/labstack/gommon v0.3.0/go.mod h1:MULnywXg0yavhxWKc+lOruYdAhDwPK9wf0OL7NoOu+k=
github.com/mattn/go-colorable v0.1.2/go.mod h1:U0ppj6V5qS13XJ6of8GYAs25YV2eR4EVcfRqFIhoBtE=
github.com/mattn/go-colorable v0.1.6/go.mod h1:u6P/XSegPjTcexA+o6vUJrdnUu04hMope9wVRipJSqc=
github.com/mattn/go-colorable v0.1.7/go.mod h1:u6P/XSegPjTcexA+o6vUJrdnUu04hMope9wVRipJSqc=
github.com/mattn/go-isatty v0.0.8/go.mod h1:Iq45c/XA43vh69/j3iqttzPXn0bhXyGjM0Hdxcsrc5s=
github.com/mattn/go-isatty v0.0.9/go.mod h1:YNRxwqDuOph6SZLI9vUUz6OYw3QyUt7WiY2yME+cCiQ=
github.com/mattn/go-isatty v0.0.12/go.mod h1:cbi8OIDigv2wuxKPP5vlRcQ1OAZbq2CE4Kysco4FUpU=
github.com/paultag/go-modprobe v0.0.0-20180523225901-7ccf6a1b5271 h1:e30yoZNGiwZszhX/zRYOOc56xHpsZFUC7CeBhcmmivM=
github.com/paultag/go-modprobe v0.0.0-20180523225901-7ccf6a1b5271/go.mod h1:8kv7zKfUEDKENYA4Wk+cT1bxjXaEiuYisqjRZGGNI84=
github.com/pkg/errors v0.8.1/go.mod h1:bwawxfHBFNV+L2hUp1rHADufV3IMtnDRdf1r5NINEl0=
github.com/pkg/sftp v1.10.1/go.mod h1:lYOWFsE0bwd1+KfKJaKeuokY15vzFx25BLbzYYoAxZI=
github.com/pmezard/go-difflib v1.0.0/go.mod h1:iKH77koFhYxTK1pcRnkKkqfTogsbg7gZNVY4sRDYZ/4=
github.com/spf13/afero v1.3.2/go.mod h1:5KUK8ByomD5Ti5Artl0RtHeI5pTF7MIDuXL3yY520V4=
github.com/spf13/afero v1.3.5/go.mod h1:Ai8FlHk4v/PARR026UzYexafAt9roJ7LcLMAmO6Z93I=
github.com/spf13/afero v1.4.0 h1:jsLTaI1zwYO3vjrzHalkVcIHXTNmdQFepW4OI8H3+x8=
github.com/spf13/afero v1.4.0/go.mod h1:Ai8FlHk4v/PARR026UzYexafAt9roJ7LcLMAmO6Z93I=
github.com/stretchr/objx v0.1.0/go.mod h1:HFkY916IF+rwdDfMAkV7OtwuqBVzrE8GR6GFx+wExME=
github.com/stretchr/testify v1.4.0/go.mod h1:j7eGeouHqKxXV5pUuKE4zz7dFj8WfuZ+81PSLYec5m4=
github.com/thoas/go-funk v0.7.0/go.mod h1:+IWnUfUmFO1+WVYQWQtIJHeRRdaIyyYglZN7xzUPe4Q=
github.com/valyala/bytebufferpool v1.0.0/go.mod h1:6bBcMArwyJ5K/AmCkWv1jt77kVWyCJ6HpOuEn7z0Csc=
github.com/valyala/fasttemplate v1.0.1/go.mod h1:UQGH1tvbgY+Nz5t2n7tXsz52dQxojPUpymEIMZ47gx8=
github.com/valyala/fasttemplate v1.1.0/go.mod h1:UQGH1tvbgY+Nz5t2n7tXsz52dQxojPUpymEIMZ47gx8=
github.com/valyala/fasttemplate v1.2.1/go.mod h1:KHLXt3tVN2HBp8eijSv/kGJopbvo7S+qRAEEKiv+SiQ=
github.com/vishvananda/netlink v1.1.0 h1:1iyaYNBLmP6L0220aDnYQpo1QEV4t4hJ+xEEhhJH8j0=
github.com/vishvananda/netlink v1.1.0/go.mod h1:cTgwzPIzzgDAYoQrMm0EdrjRUBkTqKYppBueQtXaqoE=
github.com/vishvananda/netns v0.0.0-20191106174202-0a2b9b5464df h1:OviZH7qLw/7ZovXvuNyL3XQl8UFofeikI1NW1Gypu7k=
github.com/vishvananda/netns v0.0.0-20191106174202-0a2b9b5464df/go.mod h1:JP3t17pCcGlemwknint6hfoeCVQrEMVwxRLRjXpq+BU=
golang.org/x/crypto v0.0.0-20190308221718-c2843e01d9a2/go.mod h1:djNgcEr1/C05ACkg1iLfiJU5Ep61QUkGW8qpdssI0+w=
golang.org/x/crypto v0.0.0-20190820162420-60c769a6c586/go.mod h1:yigFU9vqHzYiE8UmvKecakEJjdnWj3jj499lnFckfCI=
golang.org/x/crypto v0.0.0-20200221231518-2aa609cf4a9d/go.mod h1:LzIPMQfyMNhhGPhUkYOs5KpL4U8rLKemX1yGLhDgUto=
golang.org/x/crypto v0.0.0-20200622213623-75b288015ac9/go.mod h1:LzIPMQfyMNhhGPhUkYOs5KpL4U8rLKemX1yGLhDgUto=
golang.org/x/crypto v0.0.0-20200709230013-948cd5f35899/go.mod h1:LzIPMQfyMNhhGPhUkYOs5KpL4U8rLKemX1yGLhDgUto=
golang.org/x/crypto v0.0.0-20200820211705-5c72a883971a/go.mod h1:LzIPMQfyMNhhGPhUkYOs5KpL4U8rLKemX1yGLhDgUto=
golang.org/x/net v0.0.0-20190311183353-d8887717615a/go.mod h1:t9HGtf8HONx5eT2rtn7q6eTqICYqUVnKs3thJo3Qplg=
golang.org/x/net v0.0.0-20190404232315-eb5bcb51f2a3/go.mod h1:t9HGtf8HONx5eT2rtn7q6eTqICYqUVnKs3thJo3Qplg=
golang.org/x/net v0.0.0-20200226121028-0de0cce0169b/go.mod h1:z5CRVTTTmAJ677TzLLGU+0bjPO0LkuOLi4/5GtJWs/s=
golang.org/x/net v0.0.0-20200822124328-c89045814202/go.mod h1:/O7V0waA8r7cgGh81Ro3o1hOxt32SMVPicZroKQ2sZA=
golang.org/x/net v0.0.0-20200904194848-62affa334b73 h1:MXfv8rhZWmFeqX3GNZRsd6vOLoaCHjYEX3qkRo3YBUA=
golang.org/x/net v0.0.0-20200904194848-62affa334b73/go.mod h1:/O7V0waA8r7cgGh81Ro3o1hOxt32SMVPicZroKQ2sZA=
golang.org/x/oauth2 v0.0.0-20180821212333-d2e6202438be/go.mod h1:N/0e6XlmueqKjAGxoOufVs8QHGRruUQn6yWY3a++T0U=
golang.org/x/sys v0.0.0-20190215142949-d0b11bdaac8a/go.mod h1:STP8DvDyc/dI5b8T5hshtkjS+E42TnysNCUPdjciGhY=
golang.org/x/sys v0.0.0-20190222072716-a9d3bda3a223/go.mod h1:STP8DvDyc/dI5b8T5hshtkjS+E42TnysNCUPdjciGhY=
golang.org/x/sys v0.0.0-20190412213103-97732733099d/go.mod h1:h1NjWce9XRLGQEsW7wpKNCjG9DtNlClVuFLEZdDNbEs=
golang.org/x/sys v0.0.0-20190606203320-7fc4e5ec1444/go.mod h1:h1NjWce9XRLGQEsW7wpKNCjG9DtNlClVuFLEZdDNbEs=
golang.org/x/sys v0.0.0-20190813064441-fde4db37ae7a/go.mod h1:h1NjWce9XRLGQEsW7wpKNCjG9DtNlClVuFLEZdDNbEs=
golang.org/x/sys v0.0.0-20200116001909-b77594299b42/go.mod h1:h1NjWce9XRLGQEsW7wpKNCjG9DtNlClVuFLEZdDNbEs=
golang.org/x/sys v0.0.0-20200223170610-d5e6a3e2c0ae/go.mod h1:h1NjWce9XRLGQEsW7wpKNCjG9DtNlClVuFLEZdDNbEs=
golang.org/x/sys v0.0.0-20200323222414-85ca7c5b95cd/go.mod h1:h1NjWce9XRLGQEsW7wpKNCjG9DtNlClVuFLEZdDNbEs=
golang.org/x/sys v0.0.0-20200826173525-f9321e4c35a6/go.mod h1:h1NjWce9XRLGQEsW7wpKNCjG9DtNlClVuFLEZdDNbEs=
golang.org/x/sys v0.0.0-20200909081042-eff7692f9009 h1:W0lCpv29Hv0UaM1LXb9QlBHLNP8UFfcKjblhVCWftOM=
golang.org/x/sys v0.0.0-20200909081042-eff7692f9009/go.mod h1:h1NjWce9XRLGQEsW7wpKNCjG9DtNlClVuFLEZdDNbEs=
golang.org/x/text v0.3.0/go.mod h1:NqM8EUOU14njkJ3fqMW+pc6Ldnwhi/IjpwHt7yyuwOQ=
golang.org/x/text v0.3.2/go.mod h1:bEr9sfX3Q8Zfm5fL9x+3itogRgK3+ptLWKqgva+5dAk=
golang.org/x/text v0.3.3/go.mod h1:5Zoc/QRtKVWzQhOtBMvqHzDpF6irO9z98xDceosuGiQ=
golang.org/x/tools v0.0.0-20180917221912-90fa682c2a6e/go.mod h1:n7NCudcB/nEzxVGmLbDWY5pfWTLqBcC2KZ6jyYvM4mQ=
google.golang.org/appengine v1.1.0/go.mod h1:EbEs0AVv82hx2wNQdGPgUI5lhzA/G0D9YwlJXL52JkM=
gopkg.in/check.v1 v0.0.0-20161208181325-20d25e280405/go.mod h1:Co6ibVJAznAaIkqp8huTwlJQCZ016jof/cbN4VW5Yz0=
gopkg.in/yaml.v2 v2.2.2/go.mod h1:hI93XBmqTisBFMUTm0b8Fm+jr3Dg1NNxqwp+5A1VGuI=
pault.ag/go/topsort v0.0.0-20160530003732-f98d2ad46e1a h1:WwS7vlB5H2AtwKj1jsGwp2ZLud1x6WXRXh2fXsRqrcA=
pault.ag/go/topsort v0.0.0-20160530003732-f98d2ad46e1a/go.mod h1:INqx0ClF7kmPAMk2zVTX8DRnhZ/yaA/Mg52g8KFKE7k=
